// !$*UTF8*$!
{
	archiveVersion = 1;
	classes = {
	};
	objectVersion = 46;
	objects = {

/* Begin PBXBuildFile section */
		7D1AE7CB1D210D1E0020CDF3 /* AppDelegate.swift in Sources */ = {isa = PBXBuildFile; fileRef = 7D1AE7CA1D210D1E0020CDF3 /* AppDelegate.swift */; };
		7D1AE7CD1D210D1E0020CDF3 /* ViewController.swift in Sources */ = {isa = PBXBuildFile; fileRef = 7D1AE7CC1D210D1E0020CDF3 /* ViewController.swift */; };
		7D1AE7D01D210D1E0020CDF3 /* Main.storyboard in Resources */ = {isa = PBXBuildFile; fileRef = 7D1AE7CE1D210D1E0020CDF3 /* Main.storyboard */; };
		7D1AE7D21D210D1E0020CDF3 /* Assets.xcassets in Resources */ = {isa = PBXBuildFile; fileRef = 7D1AE7D11D210D1E0020CDF3 /* Assets.xcassets */; };
		7D1AE7D51D210D1E0020CDF3 /* LaunchScreen.storyboard in Resources */ = {isa = PBXBuildFile; fileRef = 7D1AE7D31D210D1E0020CDF3 /* LaunchScreen.storyboard */; };
		7D1AE7E01D210D1F0020CDF3 /* CustomerLoyaltyAppTests.swift in Sources */ = {isa = PBXBuildFile; fileRef = 7D1AE7DF1D210D1F0020CDF3 /* CustomerLoyaltyAppTests.swift */; };
		7D1AE7EB1D210D1F0020CDF3 /* CustomerLoyaltyAppUITests.swift in Sources */ = {isa = PBXBuildFile; fileRef = 7D1AE7EA1D210D1F0020CDF3 /* CustomerLoyaltyAppUITests.swift */; };
/* End PBXBuildFile section */

/* Begin PBXContainerItemProxy section */
		7D1AE7DC1D210D1F0020CDF3 /* PBXContainerItemProxy */ = {
			isa = PBXContainerItemProxy;
			containerPortal = 7D1AE7BF1D210D1E0020CDF3 /* Project object */;
			proxyType = 1;
			remoteGlobalIDString = 7D1AE7C61D210D1E0020CDF3;
			remoteInfo = CustomerLoyaltyApp;
		};
		7D1AE7E71D210D1F0020CDF3 /* PBXContainerItemProxy */ = {
			isa = PBXContainerItemProxy;
			containerPortal = 7D1AE7BF1D210D1E0020CDF3 /* Project object */;
			proxyType = 1;
			remoteGlobalIDString = 7D1AE7C61D210D1E0020CDF3;
			remoteInfo = CustomerLoyaltyApp;
		};
/* End PBXContainerItemProxy section */

/* Begin PBXFileReference section */
		7D1AE7C71D210D1E0020CDF3 /* CustomerLoyaltyApp.app */ = {isa = PBXFileReference; explicitFileType = wrapper.application; includeInIndex = 0; path = CustomerLoyaltyApp.app; sourceTree = BUILT_PRODUCTS_DIR; };
		7D1AE7CA1D210D1E0020CDF3 /* AppDelegate.swift */ = {isa = PBXFileReference; lastKnownFileType = sourcecode.swift; path = AppDelegate.swift; sourceTree = "<group>"; };
		7D1AE7CC1D210D1E0020CDF3 /* ViewController.swift */ = {isa = PBXFileReference; lastKnownFileType = sourcecode.swift; path = ViewController.swift; sourceTree = "<group>"; };
		7D1AE7CF1D210D1E0020CDF3 /* Base */ = {isa = PBXFileReference; lastKnownFileType = file.storyboard; name = Base; path = Base.lproj/Main.storyboard; sourceTree = "<group>"; };
		7D1AE7D11D210D1E0020CDF3 /* Assets.xcassets */ = {isa = PBXFileReference; lastKnownFileType = folder.assetcatalog; path = Assets.xcassets; sourceTree = "<group>"; };
		7D1AE7D41D210D1E0020CDF3 /* Base */ = {isa = PBXFileReference; lastKnownFileType = file.storyboard; name = Base; path = Base.lproj/LaunchScreen.storyboard; sourceTree = "<group>"; };
		7D1AE7D61D210D1E0020CDF3 /* Info.plist */ = {isa = PBXFileReference; lastKnownFileType = text.plist.xml; path = Info.plist; sourceTree = "<group>"; };
		7D1AE7DB1D210D1F0020CDF3 /* CustomerLoyaltyAppTests.xctest */ = {isa = PBXFileReference; explicitFileType = wrapper.cfbundle; includeInIndex = 0; path = CustomerLoyaltyAppTests.xctest; sourceTree = BUILT_PRODUCTS_DIR; };
		7D1AE7DF1D210D1F0020CDF3 /* CustomerLoyaltyAppTests.swift */ = {isa = PBXFileReference; lastKnownFileType = sourcecode.swift; path = CustomerLoyaltyAppTests.swift; sourceTree = "<group>"; };
		7D1AE7E11D210D1F0020CDF3 /* Info.plist */ = {isa = PBXFileReference; lastKnownFileType = text.plist.xml; path = Info.plist; sourceTree = "<group>"; };
		7D1AE7E61D210D1F0020CDF3 /* CustomerLoyaltyAppUITests.xctest */ = {isa = PBXFileReference; explicitFileType = wrapper.cfbundle; includeInIndex = 0; path = CustomerLoyaltyAppUITests.xctest; sourceTree = BUILT_PRODUCTS_DIR; };
		7D1AE7EA1D210D1F0020CDF3 /* CustomerLoyaltyAppUITests.swift */ = {isa = PBXFileReference; lastKnownFileType = sourcecode.swift; path = CustomerLoyaltyAppUITests.swift; sourceTree = "<group>"; };
		7D1AE7EC1D210D1F0020CDF3 /* Info.plist */ = {isa = PBXFileReference; lastKnownFileType = text.plist.xml; path = Info.plist; sourceTree = "<group>"; };
/* End PBXFileReference section */

/* Begin PBXFrameworksBuildPhase section */
		7D1AE7C41D210D1E0020CDF3 /* Frameworks */ = {
			isa = PBXFrameworksBuildPhase;
			buildActionMask = 2147483647;
			files = (
			);
			runOnlyForDeploymentPostprocessing = 0;
		};
		7D1AE7D81D210D1F0020CDF3 /* Frameworks */ = {
			isa = PBXFrameworksBuildPhase;
			buildActionMask = 2147483647;
			files = (
			);
			runOnlyForDeploymentPostprocessing = 0;
		};
		7D1AE7E31D210D1F0020CDF3 /* Frameworks */ = {
			isa = PBXFrameworksBuildPhase;
			buildActionMask = 2147483647;
			files = (
			);
			runOnlyForDeploymentPostprocessing = 0;
		};
/* End PBXFrameworksBuildPhase section */

/* Begin PBXGroup section */
		7D1AE7BE1D210D1E0020CDF3 = {
			isa = PBXGroup;
			children = (
				7D1AE7C91D210D1E0020CDF3 /* CustomerLoyaltyApp */,
				7D1AE7DE1D210D1F0020CDF3 /* CustomerLoyaltyAppTests */,
				7D1AE7E91D210D1F0020CDF3 /* CustomerLoyaltyAppUITests */,
				7D1AE7C81D210D1E0020CDF3 /* Products */,
			);
			sourceTree = "<group>";
		};
		7D1AE7C81D210D1E0020CDF3 /* Products */ = {
			isa = PBXGroup;
			children = (
				7D1AE7C71D210D1E0020CDF3 /* CustomerLoyaltyApp.app */,
				7D1AE7DB1D210D1F0020CDF3 /* CustomerLoyaltyAppTests.xctest */,
				7D1AE7E61D210D1F0020CDF3 /* CustomerLoyaltyAppUITests.xctest */,
			);
			name = Products;
			sourceTree = "<group>";
		};
		7D1AE7C91D210D1E0020CDF3 /* CustomerLoyaltyApp */ = {
			isa = PBXGroup;
			children = (
				7D1AE7CA1D210D1E0020CDF3 /* AppDelegate.swift */,
				7D1AE7CC1D210D1E0020CDF3 /* ViewController.swift */,
				7D1AE7CE1D210D1E0020CDF3 /* Main.storyboard */,
				7D1AE7D11D210D1E0020CDF3 /* Assets.xcassets */,
				7D1AE7D31D210D1E0020CDF3 /* LaunchScreen.storyboard */,
				7D1AE7D61D210D1E0020CDF3 /* Info.plist */,
			);
			path = CustomerLoyaltyApp;
			sourceTree = "<group>";
		};
		7D1AE7DE1D210D1F0020CDF3 /* CustomerLoyaltyAppTests */ = {
			isa = PBXGroup;
			children = (
				7D1AE7DF1D210D1F0020CDF3 /* CustomerLoyaltyAppTests.swift */,
				7D1AE7E11D210D1F0020CDF3 /* Info.plist */,
			);
			path = CustomerLoyaltyAppTests;
			sourceTree = "<group>";
		};
		7D1AE7E91D210D1F0020CDF3 /* CustomerLoyaltyAppUITests */ = {
			isa = PBXGroup;
			children = (
				7D1AE7EA1D210D1F0020CDF3 /* CustomerLoyaltyAppUITests.swift */,
				7D1AE7EC1D210D1F0020CDF3 /* Info.plist */,
			);
			path = CustomerLoyaltyAppUITests;
			sourceTree = "<group>";
		};
/* End PBXGroup section */

/* Begin PBXNativeTarget section */
		7D1AE7C61D210D1E0020CDF3 /* CustomerLoyaltyApp */ = {
			isa = PBXNativeTarget;
			buildConfigurationList = 7D1AE7EF1D210D1F0020CDF3 /* Build configuration list for PBXNativeTarget "CustomerLoyaltyApp" */;
			buildPhases = (
				7D1AE7C31D210D1E0020CDF3 /* Sources */,
				7D1AE7C41D210D1E0020CDF3 /* Frameworks */,
				7D1AE7C51D210D1E0020CDF3 /* Resources */,
			);
			buildRules = (
			);
			dependencies = (
			);
			name = CustomerLoyaltyApp;
			productName = CustomerLoyaltyApp;
			productReference = 7D1AE7C71D210D1E0020CDF3 /* CustomerLoyaltyApp.app */;
			productType = "com.apple.product-type.application";
		};
		7D1AE7DA1D210D1F0020CDF3 /* CustomerLoyaltyAppTests */ = {
			isa = PBXNativeTarget;
			buildConfigurationList = 7D1AE7F21D210D1F0020CDF3 /* Build configuration list for PBXNativeTarget "CustomerLoyaltyAppTests" */;
			buildPhases = (
				7D1AE7D71D210D1F0020CDF3 /* Sources */,
				7D1AE7D81D210D1F0020CDF3 /* Frameworks */,
				7D1AE7D91D210D1F0020CDF3 /* Resources */,
			);
			buildRules = (
			);
			dependencies = (
				7D1AE7DD1D210D1F0020CDF3 /* PBXTargetDependency */,
			);
			name = CustomerLoyaltyAppTests;
			productName = CustomerLoyaltyAppTests;
			productReference = 7D1AE7DB1D210D1F0020CDF3 /* CustomerLoyaltyAppTests.xctest */;
			productType = "com.apple.product-type.bundle.unit-test";
		};
		7D1AE7E51D210D1F0020CDF3 /* CustomerLoyaltyAppUITests */ = {
			isa = PBXNativeTarget;
			buildConfigurationList = 7D1AE7F51D210D1F0020CDF3 /* Build configuration list for PBXNativeTarget "CustomerLoyaltyAppUITests" */;
			buildPhases = (
				7D1AE7E21D210D1F0020CDF3 /* Sources */,
				7D1AE7E31D210D1F0020CDF3 /* Frameworks */,
				7D1AE7E41D210D1F0020CDF3 /* Resources */,
			);
			buildRules = (
			);
			dependencies = (
				7D1AE7E81D210D1F0020CDF3 /* PBXTargetDependency */,
			);
			name = CustomerLoyaltyAppUITests;
			productName = CustomerLoyaltyAppUITests;
			productReference = 7D1AE7E61D210D1F0020CDF3 /* CustomerLoyaltyAppUITests.xctest */;
			productType = "com.apple.product-type.bundle.ui-testing";
		};
/* End PBXNativeTarget section */

/* Begin PBXProject section */
		7D1AE7BF1D210D1E0020CDF3 /* Project object */ = {
			isa = PBXProject;
			attributes = {
				LastSwiftUpdateCheck = 0730;
				LastUpgradeCheck = 0730;
				ORGANIZATIONNAME = "Emmancipate Musemwa";
				TargetAttributes = {
					7D1AE7C61D210D1E0020CDF3 = {
						CreatedOnToolsVersion = 7.3.1;
						DevelopmentTeam = PXYR8YAR8Q;
					};
					7D1AE7DA1D210D1F0020CDF3 = {
						CreatedOnToolsVersion = 7.3.1;
						DevelopmentTeam = PXYR8YAR8Q;
						TestTargetID = 7D1AE7C61D210D1E0020CDF3;
					};
					7D1AE7E51D210D1F0020CDF3 = {
						CreatedOnToolsVersion = 7.3.1;
						DevelopmentTeam = PXYR8YAR8Q;
						TestTargetID = 7D1AE7C61D210D1E0020CDF3;
					};
				};
			};
			buildConfigurationList = 7D1AE7C21D210D1E0020CDF3 /* Build configuration list for PBXProject "CustomerLoyaltyApp" */;
			compatibilityVersion = "Xcode 3.2";
			developmentRegion = English;
			hasScannedForEncodings = 0;
			knownRegions = (
				en,
				Base,
			);
			mainGroup = 7D1AE7BE1D210D1E0020CDF3;
			productRefGroup = 7D1AE7C81D210D1E0020CDF3 /* Products */;
			projectDirPath = "";
			projectRoot = "";
			targets = (
				7D1AE7C61D210D1E0020CDF3 /* CustomerLoyaltyApp */,
				7D1AE7DA1D210D1F0020CDF3 /* CustomerLoyaltyAppTests */,
				7D1AE7E51D210D1F0020CDF3 /* CustomerLoyaltyAppUITests */,
			);
		};
/* End PBXProject section */

/* Begin PBXResourcesBuildPhase section */
		7D1AE7C51D210D1E0020CDF3 /* Resources */ = {
			isa = PBXResourcesBuildPhase;
			buildActionMask = 2147483647;
			files = (
				7D1AE7D51D210D1E0020CDF3 /* LaunchScreen.storyboard in Resources */,
				7D1AE7D21D210D1E0020CDF3 /* Assets.xcassets in Resources */,
				7D1AE7D01D210D1E0020CDF3 /* Main.storyboard in Resources */,
			);
			runOnlyForDeploymentPostprocessing = 0;
		};
		7D1AE7D91D210D1F0020CDF3 /* Resources */ = {
			isa = PBXResourcesBuildPhase;
			buildActionMask = 2147483647;
			files = (
			);
			runOnlyForDeploymentPostprocessing = 0;
		};
		7D1AE7E41D210D1F0020CDF3 /* Resources */ = {
			isa = PBXResourcesBuildPhase;
			buildActionMask = 2147483647;
			files = (
			);
			runOnlyForDeploymentPostprocessing = 0;
		};
/* End PBXResourcesBuildPhase section */

/* Begin PBXSourcesBuildPhase section */
		7D1AE7C31D210D1E0020CDF3 /* Sources */ = {
			isa = PBXSourcesBuildPhase;
			buildActionMask = 2147483647;
			files = (
				7D1AE7CD1D210D1E0020CDF3 /* ViewController.swift in Sources */,
				7D1AE7CB1D210D1E0020CDF3 /* AppDelegate.swift in Sources */,
			);
			runOnlyForDeploymentPostprocessing = 0;
		};
		7D1AE7D71D210D1F0020CDF3 /* Sources */ = {
			isa = PBXSourcesBuildPhase;
			buildActionMask = 2147483647;
			files = (
				7D1AE7E01D210D1F0020CDF3 /* CustomerLoyaltyAppTests.swift in Sources */,
			);
			runOnlyForDeploymentPostprocessing = 0;
		};
		7D1AE7E21D210D1F0020CDF3 /* Sources */ = {
			isa = PBXSourcesBuildPhase;
			buildActionMask = 2147483647;
			files = (
				7D1AE7EB1D210D1F0020CDF3 /* CustomerLoyaltyAppUITests.swift in Sources */,
			);
			runOnlyForDeploymentPostprocessing = 0;
		};
/* End PBXSourcesBuildPhase section */

/* Begin PBXTargetDependency section */
		7D1AE7DD1D210D1F0020CDF3 /* PBXTargetDependency */ = {
			isa = PBXTargetDependency;
			target = 7D1AE7C61D210D1E0020CDF3 /* CustomerLoyaltyApp */;
			targetProxy = 7D1AE7DC1D210D1F0020CDF3 /* PBXContainerItemProxy */;
		};
		7D1AE7E81D210D1F0020CDF3 /* PBXTargetDependency */ = {
			isa = PBXTargetDependency;
			target = 7D1AE7C61D210D1E0020CDF3 /* CustomerLoyaltyApp */;
			targetProxy = 7D1AE7E71D210D1F0020CDF3 /* PBXContainerItemProxy */;
		};
/* End PBXTargetDependency section */

/* Begin PBXVariantGroup section */
		7D1AE7CE1D210D1E0020CDF3 /* Main.storyboard */ = {
			isa = PBXVariantGroup;
			children = (
				7D1AE7CF1D210D1E0020CDF3 /* Base */,
			);
			name = Main.storyboard;
			sourceTree = "<group>";
		};
		7D1AE7D31D210D1E0020CDF3 /* LaunchScreen.storyboard */ = {
			isa = PBXVariantGroup;
			children = (
				7D1AE7D41D210D1E0020CDF3 /* Base */,
			);
			name = LaunchScreen.storyboard;
			sourceTree = "<group>";
		};
/* End PBXVariantGroup section */

/* Begin XCBuildConfiguration section */
		7D1AE7ED1D210D1F0020CDF3 /* Debug */ = {
			isa = XCBuildConfiguration;
			buildSettings = {
				ALWAYS_SEARCH_USER_PATHS = NO;
				CLANG_ANALYZER_NONNULL = YES;
				CLANG_CXX_LANGUAGE_STANDARD = "gnu++0x";
				CLANG_CXX_LIBRARY = "libc++";
				CLANG_ENABLE_MODULES = YES;
				CLANG_ENABLE_OBJC_ARC = YES;
				CLANG_WARN_BOOL_CONVERSION = YES;
				CLANG_WARN_CONSTANT_CONVERSION = YES;
				CLANG_WARN_DIRECT_OBJC_ISA_USAGE = YES_ERROR;
				CLANG_WARN_EMPTY_BODY = YES;
				CLANG_WARN_ENUM_CONVERSION = YES;
				CLANG_WARN_INT_CONVERSION = YES;
				CLANG_WARN_OBJC_ROOT_CLASS = YES_ERROR;
				CLANG_WARN_UNREACHABLE_CODE = YES;
				CLANG_WARN__DUPLICATE_METHOD_MATCH = YES;
				"CODE_SIGN_IDENTITY[sdk=iphoneos*]" = "iPhone Developer";
				COPY_PHASE_STRIP = NO;
				DEBUG_INFORMATION_FORMAT = dwarf;
				ENABLE_STRICT_OBJC_MSGSEND = YES;
				ENABLE_TESTABILITY = YES;
				GCC_C_LANGUAGE_STANDARD = gnu99;
				GCC_DYNAMIC_NO_PIC = NO;
				GCC_NO_COMMON_BLOCKS = YES;
				GCC_OPTIMIZATION_LEVEL = 0;
				GCC_PREPROCESSOR_DEFINITIONS = (
					"DEBUG=1",
					"$(inherited)",
				);
				GCC_WARN_64_TO_32_BIT_CONVERSION = YES;
				GCC_WARN_ABOUT_RETURN_TYPE = YES_ERROR;
				GCC_WARN_UNDECLARED_SELECTOR = YES;
				GCC_WARN_UNINITIALIZED_AUTOS = YES_AGGRESSIVE;
				GCC_WARN_UNUSED_FUNCTION = YES;
				GCC_WARN_UNUSED_VARIABLE = YES;
				IPHONEOS_DEPLOYMENT_TARGET = 9.3;
				MTL_ENABLE_DEBUG_INFO = YES;
				ONLY_ACTIVE_ARCH = YES;
				SDKROOT = iphoneos;
				SWIFT_OPTIMIZATION_LEVEL = "-Onone";
				TARGETED_DEVICE_FAMILY = "1,2";
			};
			name = Debug;
		};
		7D1AE7EE1D210D1F0020CDF3 /* Release */ = {
			isa = XCBuildConfiguration;
			buildSettings = {
				ALWAYS_SEARCH_USER_PATHS = NO;
				CLANG_ANALYZER_NONNULL = YES;
				CLANG_CXX_LANGUAGE_STANDARD = "gnu++0x";
				CLANG_CXX_LIBRARY = "libc++";
				CLANG_ENABLE_MODULES = YES;
				CLANG_ENABLE_OBJC_ARC = YES;
				CLANG_WARN_BOOL_CONVERSION = YES;
				CLANG_WARN_CONSTANT_CONVERSION = YES;
				CLANG_WARN_DIRECT_OBJC_ISA_USAGE = YES_ERROR;
				CLANG_WARN_EMPTY_BODY = YES;
				CLANG_WARN_ENUM_CONVERSION = YES;
				CLANG_WARN_INT_CONVERSION = YES;
				CLANG_WARN_OBJC_ROOT_CLASS = YES_ERROR;
				CLANG_WARN_UNREACHABLE_CODE = YES;
				CLANG_WARN__DUPLICATE_METHOD_MATCH = YES;
				"CODE_SIGN_IDENTITY[sdk=iphoneos*]" = "iPhone Developer";
				COPY_PHASE_STRIP = NO;
				DEBUG_INFORMATION_FORMAT = "dwarf-with-dsym";
				ENABLE_NS_ASSERTIONS = NO;
				ENABLE_STRICT_OBJC_MSGSEND = YES;
				GCC_C_LANGUAGE_STANDARD = gnu99;
				GCC_NO_COMMON_BLOCKS = YES;
				GCC_WARN_64_TO_32_BIT_CONVERSION = YES;
				GCC_WARN_ABOUT_RETURN_TYPE = YES_ERROR;
				GCC_WARN_UNDECLARED_SELECTOR = YES;
				GCC_WARN_UNINITIALIZED_AUTOS = YES_AGGRESSIVE;
				GCC_WARN_UNUSED_FUNCTION = YES;
				GCC_WARN_UNUSED_VARIABLE = YES;
				IPHONEOS_DEPLOYMENT_TARGET = 9.3;
				MTL_ENABLE_DEBUG_INFO = NO;
				SDKROOT = iphoneos;
				TARGETED_DEVICE_FAMILY = "1,2";
				VALIDATE_PRODUCT = YES;
			};
			name = Release;
		};
		7D1AE7F01D210D1F0020CDF3 /* Debug */ = {
			isa = XCBuildConfiguration;
			buildSettings = {
				ASSETCATALOG_COMPILER_APPICON_NAME = AppIcon;
				INFOPLIST_FILE = CustomerLoyaltyApp/Info.plist;
				LD_RUNPATH_SEARCH_PATHS = "$(inherited) @executable_path/Frameworks";
				PRODUCT_BUNDLE_IDENTIFIER = WallMedia.CustomerLoyaltyApp;
				PRODUCT_NAME = "$(TARGET_NAME)";
			};
			name = Debug;
		};
		7D1AE7F11D210D1F0020CDF3 /* Release */ = {
			isa = XCBuildConfiguration;
			buildSettings = {
				ASSETCATALOG_COMPILER_APPICON_NAME = AppIcon;
				INFOPLIST_FILE = CustomerLoyaltyApp/Info.plist;
				LD_RUNPATH_SEARCH_PATHS = "$(inherited) @executable_path/Frameworks";
				PRODUCT_BUNDLE_IDENTIFIER = WallMedia.CustomerLoyaltyApp;
				PRODUCT_NAME = "$(TARGET_NAME)";
			};
			name = Release;
		};
		7D1AE7F31D210D1F0020CDF3 /* Debug */ = {
			isa = XCBuildConfiguration;
			buildSettings = {
				BUNDLE_LOADER = "$(TEST_HOST)";
				INFOPLIST_FILE = CustomerLoyaltyAppTests/Info.plist;
				LD_RUNPATH_SEARCH_PATHS = "$(inherited) @executable_path/Frameworks @loader_path/Frameworks";
				PRODUCT_BUNDLE_IDENTIFIER = WallMedia.CustomerLoyaltyAppTests;
				PRODUCT_NAME = "$(TARGET_NAME)";
				TEST_HOST = "$(BUILT_PRODUCTS_DIR)/CustomerLoyaltyApp.app/CustomerLoyaltyApp";
			};
			name = Debug;
		};
		7D1AE7F41D210D1F0020CDF3 /* Release */ = {
			isa = XCBuildConfiguration;
			buildSettings = {
				BUNDLE_LOADER = "$(TEST_HOST)";
				INFOPLIST_FILE = CustomerLoyaltyAppTests/Info.plist;
				LD_RUNPATH_SEARCH_PATHS = "$(inherited) @executable_path/Frameworks @loader_path/Frameworks";
				PRODUCT_BUNDLE_IDENTIFIER = WallMedia.CustomerLoyaltyAppTests;
				PRODUCT_NAME = "$(TARGET_NAME)";
				TEST_HOST = "$(BUILT_PRODUCTS_DIR)/CustomerLoyaltyApp.app/CustomerLoyaltyApp";
			};
			name = Release;
		};
		7D1AE7F61D210D1F0020CDF3 /* Debug */ = {
			isa = XCBuildConfiguration;
			buildSettings = {
				INFOPLIST_FILE = CustomerLoyaltyAppUITests/Info.plist;
				LD_RUNPATH_SEARCH_PATHS = "$(inherited) @executable_path/Frameworks @loader_path/Frameworks";
				PRODUCT_BUNDLE_IDENTIFIER = WallMedia.CustomerLoyaltyAppUITests;
				PRODUCT_NAME = "$(TARGET_NAME)";
				TEST_TARGET_NAME = CustomerLoyaltyApp;
			};
			name = Debug;
		};
		7D1AE7F71D210D1F0020CDF3 /* Release */ = {
			isa = XCBuildConfiguration;
			buildSettings = {
				INFOPLIST_FILE = CustomerLoyaltyAppUITests/Info.plist;
				LD_RUNPATH_SEARCH_PATHS = "$(inherited) @executable_path/Frameworks @loader_path/Frameworks";
				PRODUCT_BUNDLE_IDENTIFIER = WallMedia.CustomerLoyaltyAppUITests;
				PRODUCT_NAME = "$(TARGET_NAME)";
				TEST_TARGET_NAME = CustomerLoyaltyApp;
			};
			name = Release;
		};
/* End XCBuildConfiguration section */

/* Begin XCConfigurationList section */
		7D1AE7C21D210D1E0020CDF3 /* Build configuration list for PBXProject "CustomerLoyaltyApp" */ = {
			isa = XCConfigurationList;
			buildConfigurations = (
				7D1AE7ED1D210D1F0020CDF3 /* Debug */,
				7D1AE7EE1D210D1F0020CDF3 /* Release */,
			);
			defaultConfigurationIsVisible = 0;
			defaultConfigurationName = Release;
		};
		7D1AE7EF1D210D1F0020CDF3 /* Build configuration list for PBXNativeTarget "CustomerLoyaltyApp" */ = {
			isa = XCConfigurationList;
			buildConfigurations = (
				7D1AE7F01D210D1F0020CDF3 /* Debug */,
				7D1AE7F11D210D1F0020CDF3 /* Release */,
			);
			defaultConfigurationIsVisible = 0;
		};
		7D1AE7F21D210D1F0020CDF3 /* Build configuration list for PBXNativeTarget "CustomerLoyaltyAppTests" */ = {
			isa = XCConfigurationList;
			buildConfigurations = (
				7D1AE7F31D210D1F0020CDF3 /* Debug */,
				7D1AE7F41D210D1F0020CDF3 /* Release */,
			);
			defaultConfigurationIsVisible = 0;
		};
		7D1AE7F51D210D1F0020CDF3 /* Build configuration list for PBXNativeTarget "CustomerLoyaltyAppUITests" */ = {
			isa = XCConfigurationList;
			buildConfigurations = (
				7D1AE7F61D210D1F0020CDF3 /* Debug */,
				7D1AE7F71D210D1F0020CDF3 /* Release */,
			);
			defaultConfigurationIsVisible = 0;
		};
/* End XCConfigurationList section */
	};
	rootObject = 7D1AE7BF1D210D1E0020CDF3 /* Project object */;
}
